
Microsoft Visual Studio Solution File, Format Version 12.00
# Visual Studio 15
VisualStudioVersion = 15.0.28307.757
MinimumVisualStudioVersion = 10.0.40219.1
Project("{FAE04EC0-301F-11D3-BF4B-00C04F79EFBC}") = "IdexApp", "IdexApp\IdexApp.csproj", "{64E1F5F2-9A05-468C-BB6F-561364A0AE1F}"
EndProject
Project("{FAE04EC0-301F-11D3-BF4B-00C04F79EFBC}") = "IdexApp.DAL", "IdexApp.DAL\IdexApp.DAL.csproj", "{716A0181-A497-4107-96DE-DE18464480E4}"
EndProject
Global
	GlobalSection(SolutionConfigurationPlatforms) = preSolution
		Debug|Any CPU = Debug|Any CPU
		Release|Any CPU = Release|Any CPU
	EndGlobalSection
	GlobalSection(ProjectConfigurationPlatforms) = postSolution
		{64E1F5F2-9A05-468C-BB6F-561364A0AE1F}.Debug|Any CPU.ActiveCfg = Debug|Any CPU
		{64E1F5F2-9A05-468C-BB6F-561364A0AE1F}.Debug|Any CPU.Build.0 = Debug|Any CPU
		{64E1F5F2-9A05-468C-BB6F-561364A0AE1F}.Release|Any CPU.ActiveCfg = Release|Any CPU
		{64E1F5F2-9A05-468C-BB6F-561364A0AE1F}.Release|Any CPU.Build.0 = Release|Any CPU
		{716A0181-A497-4107-96DE-DE18464480E4}.Debug|Any CPU.ActiveCfg = Debug|Any CPU
		{716A0181-A497-4107-96DE-DE18464480E4}.Debug|Any CPU.Build.0 = Debug|Any CPU
		{716A0181-A497-4107-96DE-DE18464480E4}.Release|Any CPU.ActiveCfg = Release|Any CPU
		{716A0181-A497-4107-96DE-DE18464480E4}.Release|Any CPU.Build.0 = Release|Any CPU
	EndGlobalSection
	GlobalSection(SolutionProperties) = preSolution
		HideSolutionNode = FALSE
	EndGlobalSection
	GlobalSection(ExtensibilityGlobals) = postSolution
		SolutionGuid = {11FD94E8-7985-443A-9DA4-5A05702012F4}
	EndGlobalSection
EndGlobal
